
Microsoft Visual Studio Solution File, Format Version 12.00
# Visual Studio Version 17
VisualStudioVersion = 17.3.32901.215
MinimumVisualStudioVersion = 10.0.40219.1
Project("{FAE04EC0-301F-11D3-BF4B-00C04F79EFBC}") = "Aquasistemas12", "Aquasistemas12\Aquasistemas12.csproj", "{3F8F4C53-CA4D-470F-86F4-39127AB6E594}"
EndProject
Global
	GlobalSection(SolutionConfigurationPlatforms) = preSolution
		Debug|Any CPU = Debug|Any CPU
		Release|Any CPU = Release|Any CPU
	EndGlobalSection
	GlobalSection(ProjectConfigurationPlatforms) = postSolution
		{3F8F4C53-CA4D-470F-86F4-39127AB6E594}.Debug|Any CPU.ActiveCfg = Debug|Any CPU
		{3F8F4C53-CA4D-470F-86F4-39127AB6E594}.Debug|Any CPU.Build.0 = Debug|Any CPU
		{3F8F4C53-CA4D-470F-86F4-39127AB6E594}.Release|Any CPU.ActiveCfg = Release|Any CPU
		{3F8F4C53-CA4D-470F-86F4-39127AB6E594}.Release|Any CPU.Build.0 = Release|Any CPU
	EndGlobalSection
	GlobalSection(SolutionProperties) = preSolution
		HideSolutionNode = FALSE
	EndGlobalSection
	GlobalSection(ExtensibilityGlobals) = postSolution
		SolutionGuid = {0846DF89-9307-4CEF-AFA9-3A673360EF73}
	EndGlobalSection
EndGlobal
